
Microsoft Visual Studio Solution File, Format Version 12.00
# Visual Studio Version 17
VisualStudioVersion = 17.0.32126.317
MinimumVisualStudioVersion = 10.0.40219.1
Project("{FAE04EC0-301F-11D3-BF4B-00C04F79EFBC}") = "Training", "Training\Training.csproj", "{341C8BA9-B44D-4F32-9C37-AB48D402A8A1}"
EndProject
Global
	GlobalSection(SolutionConfigurationPlatforms) = preSolution
		Debug|Any CPU = Debug|Any CPU
		Release|Any CPU = Release|Any CPU
	EndGlobalSection
	GlobalSection(ProjectConfigurationPlatforms) = postSolution
		{341C8BA9-B44D-4F32-9C37-AB48D402A8A1}.Debug|Any CPU.ActiveCfg = Debug|Any CPU
		{341C8BA9-B44D-4F32-9C37-AB48D402A8A1}.Debug|Any CPU.Build.0 = Debug|Any CPU
		{341C8BA9-B44D-4F32-9C37-AB48D402A8A1}.Release|Any CPU.ActiveCfg = Release|Any CPU
		{341C8BA9-B44D-4F32-9C37-AB48D402A8A1}.Release|Any CPU.Build.0 = Release|Any CPU
	EndGlobalSection
	GlobalSection(SolutionProperties) = preSolution
		HideSolutionNode = FALSE
	EndGlobalSection
	GlobalSection(ExtensibilityGlobals) = postSolution
		SolutionGuid = {702655F1-59B4-436C-8141-219D2967089B}
	EndGlobalSection
EndGlobal
